
Microsoft Visual Studio Solution File, Format Version 12.00
# Visual Studio 14
VisualStudioVersion = 14.0.25420.1
MinimumVisualStudioVersion = 10.0.40219.1
Project("{FAE04EC0-301F-11D3-BF4B-00C04F79EFBC}") = "PQSModLoader", "PQSModLoader\PQSModLoader.csproj", "{032170AA-5114-437C-A94F-7559BAB88E2F}"
EndProject
Project("{FAE04EC0-301F-11D3-BF4B-00C04F79EFBC}") = "OffworldColonies", "OffworldColonies\OffworldColonies.csproj", "{32BA14DC-56B9-4CA6-81DC-258F588F7DDC}"
EndProject
Project("{FAE04EC0-301F-11D3-BF4B-00C04F79EFBC}") = "UIBridge", "UIBridge\UIBridge.csproj", "{A927EBBB-6A0C-4AE3-B316-24C20088AB9D}"
EndProject
Global
	GlobalSection(SolutionConfigurationPlatforms) = preSolution
		Debug|Any CPU = Debug|Any CPU
		Release|Any CPU = Release|Any CPU
	EndGlobalSection
	GlobalSection(ProjectConfigurationPlatforms) = postSolution
		{032170AA-5114-437C-A94F-7559BAB88E2F}.Debug|Any CPU.ActiveCfg = Debug|Any CPU
		{032170AA-5114-437C-A94F-7559BAB88E2F}.Debug|Any CPU.Build.0 = Debug|Any CPU
		{032170AA-5114-437C-A94F-7559BAB88E2F}.Release|Any CPU.ActiveCfg = Release|Any CPU
		{032170AA-5114-437C-A94F-7559BAB88E2F}.Release|Any CPU.Build.0 = Release|Any CPU
		{32BA14DC-56B9-4CA6-81DC-258F588F7DDC}.Debug|Any CPU.ActiveCfg = Debug|Any CPU
		{32BA14DC-56B9-4CA6-81DC-258F588F7DDC}.Debug|Any CPU.Build.0 = Debug|Any CPU
		{32BA14DC-56B9-4CA6-81DC-258F588F7DDC}.Release|Any CPU.ActiveCfg = Release|Any CPU
		{32BA14DC-56B9-4CA6-81DC-258F588F7DDC}.Release|Any CPU.Build.0 = Release|Any CPU
		{A927EBBB-6A0C-4AE3-B316-24C20088AB9D}.Debug|Any CPU.ActiveCfg = Debug|Any CPU
		{A927EBBB-6A0C-4AE3-B316-24C20088AB9D}.Debug|Any CPU.Build.0 = Debug|Any CPU
		{A927EBBB-6A0C-4AE3-B316-24C20088AB9D}.Release|Any CPU.ActiveCfg = Release|Any CPU
		{A927EBBB-6A0C-4AE3-B316-24C20088AB9D}.Release|Any CPU.Build.0 = Release|Any CPU
	EndGlobalSection
	GlobalSection(SolutionProperties) = preSolution
		HideSolutionNode = FALSE
	EndGlobalSection
EndGlobal
